
Microsoft Visual Studio Solution File, Format Version 12.00
# Visual Studio Version 17
VisualStudioVersion = 17.11.35312.102
MinimumVisualStudioVersion = 10.0.40219.1
Project("{9A19103F-16F7-4668-BE54-9A1E7A4F7556}") = "DocumentPlatform", "DocumentPlatform.csproj", "{2F362089-0C55-42D4-9CB4-D9C623EFAF21}"
EndProject
Global
	GlobalSection(SolutionConfigurationPlatforms) = preSolution
		Debug|Any CPU = Debug|Any CPU
		Release|Any CPU = Release|Any CPU
	EndGlobalSection
	GlobalSection(ProjectConfigurationPlatforms) = postSolution
		{2F362089-0C55-42D4-9CB4-D9C623EFAF21}.Debug|Any CPU.ActiveCfg = Debug|Any CPU
		{2F362089-0C55-42D4-9CB4-D9C623EFAF21}.Debug|Any CPU.Build.0 = Debug|Any CPU
		{2F362089-0C55-42D4-9CB4-D9C623EFAF21}.Release|Any CPU.ActiveCfg = Release|Any CPU
		{2F362089-0C55-42D4-9CB4-D9C623EFAF21}.Release|Any CPU.Build.0 = Release|Any CPU
	EndGlobalSection
	GlobalSection(SolutionProperties) = preSolution
		HideSolutionNode = FALSE
	EndGlobalSection
	GlobalSection(ExtensibilityGlobals) = postSolution
		SolutionGuid = {B6173D5A-3F98-4051-9758-D09A20A2D23D}
	EndGlobalSection
EndGlobal
